
Microsoft Visual Studio Solution File, Format Version 12.00
# Visual Studio Version 16
VisualStudioVersion = 16.0.29306.81
MinimumVisualStudioVersion = 10.0.40219.1
Project("{8BC9CEB8-8B4A-11D0-8D11-00A0C91BC942}") = "Md1", "Md1.vcxproj", "{004F9B19-763E-42B8-9377-CCB57F94181C}"
EndProject
Global
	GlobalSection(SolutionConfigurationPlatforms) = preSolution
		Debug|x64 = Debug|x64
		Debug|x86 = Debug|x86
		Release|x64 = Release|x64
		Release|x86 = Release|x86
	EndGlobalSection
	GlobalSection(ProjectConfigurationPlatforms) = postSolution
		{004F9B19-763E-42B8-9377-CCB57F94181C}.Debug|x64.ActiveCfg = Debug|x64
		{004F9B19-763E-42B8-9377-CCB57F94181C}.Debug|x64.Build.0 = Debug|x64
		{004F9B19-763E-42B8-9377-CCB57F94181C}.Debug|x86.ActiveCfg = Debug|Win32
		{004F9B19-763E-42B8-9377-CCB57F94181C}.Debug|x86.Build.0 = Debug|Win32
		{004F9B19-763E-42B8-9377-CCB57F94181C}.Release|x64.ActiveCfg = Release|x64
		{004F9B19-763E-42B8-9377-CCB57F94181C}.Release|x64.Build.0 = Release|x64
		{004F9B19-763E-42B8-9377-CCB57F94181C}.Release|x86.ActiveCfg = Release|Win32
		{004F9B19-763E-42B8-9377-CCB57F94181C}.Release|x86.Build.0 = Release|Win32
	EndGlobalSection
	GlobalSection(SolutionProperties) = preSolution
		HideSolutionNode = FALSE
	EndGlobalSection
	GlobalSection(ExtensibilityGlobals) = postSolution
		SolutionGuid = {1DA06569-51CF-41EF-AEB6-1F93665F79EC}
	EndGlobalSection
EndGlobal
